
Microsoft Visual Studio Solution File, Format Version 12.00
# Visual Studio Version 17
VisualStudioVersion = 17.12.35527.113
MinimumVisualStudioVersion = 10.0.40219.1
Project("{778DAE3C-4631-46EA-AA77-85C1314464D9}") = "EHealthApp", "EHealthApp\EHealthApp.vbproj", "{1CC0E3DE-7169-4270-A2BD-FCE93269EF24}"
EndProject
Global
	GlobalSection(SolutionConfigurationPlatforms) = preSolution
		Debug|Any CPU = Debug|Any CPU
		Debug|x64 = Debug|x64
		Production|Any CPU = Production|Any CPU
		Production|x64 = Production|x64
		Release|Any CPU = Release|Any CPU
		Release|x64 = Release|x64
	EndGlobalSection
	GlobalSection(ProjectConfigurationPlatforms) = postSolution
		{1CC0E3DE-7169-4270-A2BD-FCE93269EF24}.Debug|Any CPU.ActiveCfg = Debug|Any CPU
		{1CC0E3DE-7169-4270-A2BD-FCE93269EF24}.Debug|Any CPU.Build.0 = Debug|Any CPU
		{1CC0E3DE-7169-4270-A2BD-FCE93269EF24}.Debug|x64.ActiveCfg = Debug|x64
		{1CC0E3DE-7169-4270-A2BD-FCE93269EF24}.Debug|x64.Build.0 = Debug|x64
		{1CC0E3DE-7169-4270-A2BD-FCE93269EF24}.Production|Any CPU.ActiveCfg = Production|Any CPU
		{1CC0E3DE-7169-4270-A2BD-FCE93269EF24}.Production|Any CPU.Build.0 = Production|Any CPU
		{1CC0E3DE-7169-4270-A2BD-FCE93269EF24}.Production|x64.ActiveCfg = Production|x64
		{1CC0E3DE-7169-4270-A2BD-FCE93269EF24}.Production|x64.Build.0 = Production|x64
		{1CC0E3DE-7169-4270-A2BD-FCE93269EF24}.Release|Any CPU.ActiveCfg = Release|Any CPU
		{1CC0E3DE-7169-4270-A2BD-FCE93269EF24}.Release|Any CPU.Build.0 = Release|Any CPU
		{1CC0E3DE-7169-4270-A2BD-FCE93269EF24}.Release|x64.ActiveCfg = Release|x64
		{1CC0E3DE-7169-4270-A2BD-FCE93269EF24}.Release|x64.Build.0 = Release|x64
	EndGlobalSection
	GlobalSection(SolutionProperties) = preSolution
		HideSolutionNode = FALSE
	EndGlobalSection
EndGlobal
